
Microsoft Visual Studio Solution File, Format Version 12.00
# Visual Studio 15
VisualStudioVersion = 15.0.28307.329
MinimumVisualStudioVersion = 10.0.40219.1
Project("{FAE04EC0-301F-11D3-BF4B-00C04F79EFBC}") = "Producer", "Producer\Producer.csproj", "{92C33753-524E-4DE2-9986-EDFF8BDC4D51}"
EndProject
Project("{FAE04EC0-301F-11D3-BF4B-00C04F79EFBC}") = "Consumer", "Consumer\Consumer.csproj", "{3D33B124-37B5-43A5-82FB-E0BF0C9F4147}"
EndProject
Global
	GlobalSection(SolutionConfigurationPlatforms) = preSolution
		Debug|Any CPU = Debug|Any CPU
		Release|Any CPU = Release|Any CPU
	EndGlobalSection
	GlobalSection(ProjectConfigurationPlatforms) = postSolution
		{92C33753-524E-4DE2-9986-EDFF8BDC4D51}.Debug|Any CPU.ActiveCfg = Debug|Any CPU
		{92C33753-524E-4DE2-9986-EDFF8BDC4D51}.Debug|Any CPU.Build.0 = Debug|Any CPU
		{92C33753-524E-4DE2-9986-EDFF8BDC4D51}.Release|Any CPU.ActiveCfg = Release|Any CPU
		{92C33753-524E-4DE2-9986-EDFF8BDC4D51}.Release|Any CPU.Build.0 = Release|Any CPU
		{3D33B124-37B5-43A5-82FB-E0BF0C9F4147}.Debug|Any CPU.ActiveCfg = Debug|Any CPU
		{3D33B124-37B5-43A5-82FB-E0BF0C9F4147}.Debug|Any CPU.Build.0 = Debug|Any CPU
		{3D33B124-37B5-43A5-82FB-E0BF0C9F4147}.Release|Any CPU.ActiveCfg = Release|Any CPU
		{3D33B124-37B5-43A5-82FB-E0BF0C9F4147}.Release|Any CPU.Build.0 = Release|Any CPU
	EndGlobalSection
	GlobalSection(SolutionProperties) = preSolution
		HideSolutionNode = FALSE
	EndGlobalSection
	GlobalSection(ExtensibilityGlobals) = postSolution
		SolutionGuid = {8664ABDA-EF12-45BC-8B82-ECB20DA5EFFA}
	EndGlobalSection
EndGlobal
